
Microsoft Visual Studio Solution File, Format Version 9.00
# Visual Studio 2005
Project("{FAE04EC0-301F-11D3-BF4B-00C04F79EFBC}") = "OlapPivotTableExtensions", "OlapPivotTableExtensions\OlapPivotTableExtensions.csproj", "{EB6304F7-E7A3-4164-8BFA-E233A50941CC}"
EndProject
Project("{54435603-DBB4-11D2-8724-00A0C9A8B90C}") = "OlapPivotTableExtensionsSetup", "OlapPivotTableExtensionsSetup\OlapPivotTableExtensionsSetup", "{45840507-DDD9-48EC-9E7B-458E41D8EB53}"
EndProject
Project("{FAE04EC0-301F-11D3-BF4B-00C04F79EFBC}") = "SetSecurity", "SetSecurity\SetSecurity.csproj", "{56E8E807-0807-45E0-B19A-98912AE47630}"
EndProject
Global
	GlobalSection(TeamFoundationVersionControl) = preSolution
		SccNumberOfProjects = 4
		SccEnterpriseProvider = {4CA58AB2-18FA-4F8D-95D4-32DDF27D184C}
		SccTeamFoundationServer = https://tfs03.codeplex.com/
		SccLocalPath0 = .
		SccProjectUniqueName1 = OlapPivotTableExtensions\\OlapPivotTableExtensions.csproj
		SccProjectName1 = OlapPivotTableExtensions
		SccLocalPath1 = OlapPivotTableExtensions
		SccProjectUniqueName2 = OlapPivotTableExtensionsSetup\\OlapPivotTableExtensionsSetup
		SccProjectName2 = OlapPivotTableExtensionsSetup
		SccLocalPath2 = OlapPivotTableExtensionsSetup
		SccProjectUniqueName3 = SetSecurity\\SetSecurity.csproj
		SccProjectName3 = SetSecurity
		SccLocalPath3 = SetSecurity
	EndGlobalSection
	GlobalSection(SolutionConfigurationPlatforms) = preSolution
		Debug|Any CPU = Debug|Any CPU
		Release|Any CPU = Release|Any CPU
	EndGlobalSection
	GlobalSection(ProjectConfigurationPlatforms) = postSolution
		{EB6304F7-E7A3-4164-8BFA-E233A50941CC}.Debug|Any CPU.ActiveCfg = Debug|Any CPU
		{EB6304F7-E7A3-4164-8BFA-E233A50941CC}.Debug|Any CPU.Build.0 = Debug|Any CPU
		{EB6304F7-E7A3-4164-8BFA-E233A50941CC}.Release|Any CPU.ActiveCfg = Release|Any CPU
		{EB6304F7-E7A3-4164-8BFA-E233A50941CC}.Release|Any CPU.Build.0 = Release|Any CPU
		{45840507-DDD9-48EC-9E7B-458E41D8EB53}.Debug|Any CPU.ActiveCfg = Debug
		{45840507-DDD9-48EC-9E7B-458E41D8EB53}.Release|Any CPU.ActiveCfg = Release
		{56E8E807-0807-45E0-B19A-98912AE47630}.Debug|Any CPU.ActiveCfg = Debug|Any CPU
		{56E8E807-0807-45E0-B19A-98912AE47630}.Debug|Any CPU.Build.0 = Debug|Any CPU
		{56E8E807-0807-45E0-B19A-98912AE47630}.Release|Any CPU.ActiveCfg = Release|Any CPU
		{56E8E807-0807-45E0-B19A-98912AE47630}.Release|Any CPU.Build.0 = Release|Any CPU
	EndGlobalSection
	GlobalSection(SolutionProperties) = preSolution
		HideSolutionNode = FALSE
	EndGlobalSection
EndGlobal
